# Pinned dependencies for OCR microservice.
# Re-generate: pip freeze > requirements-ocr.lock
#
# NOTE: Base image should include CUDA runtime for GPU inference.
# Consider nvidia/cuda:12.x-runtime or PaddlePaddle official GPU image.
--extra-index-url https://www.paddlepaddle.org.cn/packages/stable/cu129/
paddlepaddle-gpu==3.3.0
paddleocr[doc-parser]==3.7.0
fastapi==0.136.1
uvicorn==0.35.0
httpx==0.28.1
numpy>=1.24.0
Pillow>=12.2.0
pydantic>=2.0.0
